
Microsoft Visual Studio Solution File, Format Version 12.00
# Visual Studio Version 16
VisualStudioVersion = 16.0.30717.126
MinimumVisualStudioVersion = 10.0.40219.1
Project("{FAE04EC0-301F-11D3-BF4B-00C04F79EFBC}") = "APIRestNetFramework", "APIRestNetFramework\APIRestNetFramework.csproj", "{FA68D34C-6372-4427-A687-DE3C44560D35}"
EndProject
Global
	GlobalSection(SolutionConfigurationPlatforms) = preSolution
		Debug|Any CPU = Debug|Any CPU
		Release|Any CPU = Release|Any CPU
	EndGlobalSection
	GlobalSection(ProjectConfigurationPlatforms) = postSolution
		{FA68D34C-6372-4427-A687-DE3C44560D35}.Debug|Any CPU.ActiveCfg = Debug|Any CPU
		{FA68D34C-6372-4427-A687-DE3C44560D35}.Debug|Any CPU.Build.0 = Debug|Any CPU
		{FA68D34C-6372-4427-A687-DE3C44560D35}.Release|Any CPU.ActiveCfg = Release|Any CPU
		{FA68D34C-6372-4427-A687-DE3C44560D35}.Release|Any CPU.Build.0 = Release|Any CPU
	EndGlobalSection
	GlobalSection(SolutionProperties) = preSolution
		HideSolutionNode = FALSE
	EndGlobalSection
	GlobalSection(ExtensibilityGlobals) = postSolution
		SolutionGuid = {C734989D-26E9-4B0C-9DFE-D9EB1267DD4B}
	EndGlobalSection
EndGlobal
